
Microsoft Visual Studio Solution File, Format Version 12.00
# Visual Studio Version 17
VisualStudioVersion = 17.9.34518.117
MinimumVisualStudioVersion = 10.0.40219.1
Project("{9A19103F-16F7-4668-BE54-9A1E7A4F7556}") = "Subverse.Server", "Subverse.Server\Subverse.Server.csproj", "{7000CE27-4971-418A-A1EF-3ACFE350E59A}"
EndProject
Project("{2150E333-8FDC-42A3-9474-1A3956D46DE8}") = "Solution Items", "Solution Items", "{66C18D97-BC6D-4456-B501-80CCFC0F80B7}"
	ProjectSection(SolutionItems) = preProject
		.editorconfig = .editorconfig
	EndProjectSection
EndProject
Project("{FAE04EC0-301F-11D3-BF4B-00C04F79EFBC}") = "MonoTorrent.Dht", "monotorrent\src\MonoTorrent.Dht\MonoTorrent.Dht.csproj", "{351F503D-0B7E-4F15-B9CB-5CFCC5233CFC}"
EndProject
Project("{FAE04EC0-301F-11D3-BF4B-00C04F79EFBC}") = "MonoTorrent.Connections", "monotorrent\src\MonoTorrent.Connections\MonoTorrent.Connections.csproj", "{5215EEB4-3B72-427E-9A27-1E80A58D6F6A}"
EndProject
Project("{FAE04EC0-301F-11D3-BF4B-00C04F79EFBC}") = "MonoTorrent", "monotorrent\src\MonoTorrent\MonoTorrent.csproj", "{5FDB4B69-BF28-4034-A587-98F615221C11}"
EndProject
Project("{FAE04EC0-301F-11D3-BF4B-00C04F79EFBC}") = "MonoTorrent.Messages", "monotorrent\src\MonoTorrent.Messages\MonoTorrent.Messages.csproj", "{207088B3-49D5-4E3A-94C9-C27A45C893E3}"
EndProject
Project("{FAE04EC0-301F-11D3-BF4B-00C04F79EFBC}") = "MonoTorrent.BEncoding", "monotorrent\src\MonoTorrent.BEncoding\MonoTorrent.BEncoding.csproj", "{3DB0E032-5BF7-4162-B753-F64CC13F2B32}"
EndProject
Global
	GlobalSection(SolutionConfigurationPlatforms) = preSolution
		Debug|Any CPU = Debug|Any CPU
		Release|Any CPU = Release|Any CPU
	EndGlobalSection
	GlobalSection(ProjectConfigurationPlatforms) = postSolution
		{7000CE27-4971-418A-A1EF-3ACFE350E59A}.Debug|Any CPU.ActiveCfg = Debug|Any CPU
		{7000CE27-4971-418A-A1EF-3ACFE350E59A}.Debug|Any CPU.Build.0 = Debug|Any CPU
		{7000CE27-4971-418A-A1EF-3ACFE350E59A}.Release|Any CPU.ActiveCfg = Release|Any CPU
		{7000CE27-4971-418A-A1EF-3ACFE350E59A}.Release|Any CPU.Build.0 = Release|Any CPU
		{351F503D-0B7E-4F15-B9CB-5CFCC5233CFC}.Debug|Any CPU.ActiveCfg = Debug|Any CPU
		{351F503D-0B7E-4F15-B9CB-5CFCC5233CFC}.Debug|Any CPU.Build.0 = Debug|Any CPU
		{351F503D-0B7E-4F15-B9CB-5CFCC5233CFC}.Release|Any CPU.ActiveCfg = Release|Any CPU
		{351F503D-0B7E-4F15-B9CB-5CFCC5233CFC}.Release|Any CPU.Build.0 = Release|Any CPU
		{5215EEB4-3B72-427E-9A27-1E80A58D6F6A}.Debug|Any CPU.ActiveCfg = Debug|Any CPU
		{5215EEB4-3B72-427E-9A27-1E80A58D6F6A}.Debug|Any CPU.Build.0 = Debug|Any CPU
		{5215EEB4-3B72-427E-9A27-1E80A58D6F6A}.Release|Any CPU.ActiveCfg = Release|Any CPU
		{5215EEB4-3B72-427E-9A27-1E80A58D6F6A}.Release|Any CPU.Build.0 = Release|Any CPU
		{5FDB4B69-BF28-4034-A587-98F615221C11}.Debug|Any CPU.ActiveCfg = Debug|Any CPU
		{5FDB4B69-BF28-4034-A587-98F615221C11}.Debug|Any CPU.Build.0 = Debug|Any CPU
		{5FDB4B69-BF28-4034-A587-98F615221C11}.Release|Any CPU.ActiveCfg = Release|Any CPU
		{5FDB4B69-BF28-4034-A587-98F615221C11}.Release|Any CPU.Build.0 = Release|Any CPU
		{207088B3-49D5-4E3A-94C9-C27A45C893E3}.Debug|Any CPU.ActiveCfg = Debug|Any CPU
		{207088B3-49D5-4E3A-94C9-C27A45C893E3}.Debug|Any CPU.Build.0 = Debug|Any CPU
		{207088B3-49D5-4E3A-94C9-C27A45C893E3}.Release|Any CPU.ActiveCfg = Release|Any CPU
		{207088B3-49D5-4E3A-94C9-C27A45C893E3}.Release|Any CPU.Build.0 = Release|Any CPU
		{3DB0E032-5BF7-4162-B753-F64CC13F2B32}.Debug|Any CPU.ActiveCfg = Debug|Any CPU
		{3DB0E032-5BF7-4162-B753-F64CC13F2B32}.Debug|Any CPU.Build.0 = Debug|Any CPU
		{3DB0E032-5BF7-4162-B753-F64CC13F2B32}.Release|Any CPU.ActiveCfg = Release|Any CPU
		{3DB0E032-5BF7-4162-B753-F64CC13F2B32}.Release|Any CPU.Build.0 = Release|Any CPU
	EndGlobalSection
	GlobalSection(SolutionProperties) = preSolution
		HideSolutionNode = FALSE
	EndGlobalSection
	GlobalSection(ExtensibilityGlobals) = postSolution
		SolutionGuid = {62EB5CC4-2B74-4909-9B0A-BB30BC965B98}
	EndGlobalSection
EndGlobal
