
Microsoft Visual Studio Solution File, Format Version 12.00
# Visual Studio Version 17
VisualStudioVersion = 17.9.34518.117
MinimumVisualStudioVersion = 10.0.40219.1
Project("{9A19103F-16F7-4668-BE54-9A1E7A4F7556}") = "Subverse", "Subverse\Subverse.csproj", "{7A33C45B-3688-41CF-989F-9FEC78F01FC1}"
EndProject
Project("{9A19103F-16F7-4668-BE54-9A1E7A4F7556}") = "Subverse.Server", "Subverse.Server\Subverse.Server.csproj", "{7000CE27-4971-418A-A1EF-3ACFE350E59A}"
EndProject
Project("{9A19103F-16F7-4668-BE54-9A1E7A4F7556}") = "Subverse.Bootstrapper", "Subverse.Bootstrapper\Subverse.Bootstrapper.csproj", "{D9341960-B75D-4EEC-9BEC-0A903BC88E55}"
EndProject
Project("{2150E333-8FDC-42A3-9474-1A3956D46DE8}") = "Solution Items", "Solution Items", "{66C18D97-BC6D-4456-B501-80CCFC0F80B7}"
	ProjectSection(SolutionItems) = preProject
		.editorconfig = .editorconfig
	EndProjectSection
EndProject
Global
	GlobalSection(SolutionConfigurationPlatforms) = preSolution
		Debug|Any CPU = Debug|Any CPU
		Release|Any CPU = Release|Any CPU
	EndGlobalSection
	GlobalSection(ProjectConfigurationPlatforms) = postSolution
		{7A33C45B-3688-41CF-989F-9FEC78F01FC1}.Debug|Any CPU.ActiveCfg = Debug|Any CPU
		{7A33C45B-3688-41CF-989F-9FEC78F01FC1}.Debug|Any CPU.Build.0 = Debug|Any CPU
		{7A33C45B-3688-41CF-989F-9FEC78F01FC1}.Release|Any CPU.ActiveCfg = Release|Any CPU
		{7A33C45B-3688-41CF-989F-9FEC78F01FC1}.Release|Any CPU.Build.0 = Release|Any CPU
		{7000CE27-4971-418A-A1EF-3ACFE350E59A}.Debug|Any CPU.ActiveCfg = Debug|Any CPU
		{7000CE27-4971-418A-A1EF-3ACFE350E59A}.Debug|Any CPU.Build.0 = Debug|Any CPU
		{7000CE27-4971-418A-A1EF-3ACFE350E59A}.Release|Any CPU.ActiveCfg = Release|Any CPU
		{7000CE27-4971-418A-A1EF-3ACFE350E59A}.Release|Any CPU.Build.0 = Release|Any CPU
		{D9341960-B75D-4EEC-9BEC-0A903BC88E55}.Debug|Any CPU.ActiveCfg = Debug|Any CPU
		{D9341960-B75D-4EEC-9BEC-0A903BC88E55}.Debug|Any CPU.Build.0 = Debug|Any CPU
		{D9341960-B75D-4EEC-9BEC-0A903BC88E55}.Release|Any CPU.ActiveCfg = Release|Any CPU
		{D9341960-B75D-4EEC-9BEC-0A903BC88E55}.Release|Any CPU.Build.0 = Release|Any CPU
	EndGlobalSection
	GlobalSection(SolutionProperties) = preSolution
		HideSolutionNode = FALSE
	EndGlobalSection
	GlobalSection(ExtensibilityGlobals) = postSolution
		SolutionGuid = {62EB5CC4-2B74-4909-9B0A-BB30BC965B98}
	EndGlobalSection
EndGlobal
